
Microsoft Visual Studio Solution File, Format Version 12.00
# Visual Studio Version 16
VisualStudioVersion = 16.0.30114.105
MinimumVisualStudioVersion = 10.0.40219.1
Project("{FAE04EC0-301F-11D3-BF4B-00C04F79EFBC}") = "API", "API\API.csproj", "{79358B90-A95B-4621-804B-B74EEBE8F193}"
EndProject
Project("{FAE04EC0-301F-11D3-BF4B-00C04F79EFBC}") = "Application", "Application\Application.csproj", "{8EDED234-256D-44F7-8A36-F9B5CCBB619D}"
EndProject
Project("{FAE04EC0-301F-11D3-BF4B-00C04F79EFBC}") = "Domain", "Domain\Domain.csproj", "{CC888860-E7D4-4454-9E7C-84383ED5D0A1}"
EndProject
Project("{FAE04EC0-301F-11D3-BF4B-00C04F79EFBC}") = "Persistence", "Persistence\Persistence.csproj", "{F81A4307-D191-47DD-AC32-5EA396990D00}"
EndProject
Global
	GlobalSection(SolutionConfigurationPlatforms) = preSolution
		Debug|Any CPU = Debug|Any CPU
		Debug|x64 = Debug|x64
		Debug|x86 = Debug|x86
		Release|Any CPU = Release|Any CPU
		Release|x64 = Release|x64
		Release|x86 = Release|x86
	EndGlobalSection
	GlobalSection(SolutionProperties) = preSolution
		HideSolutionNode = FALSE
	EndGlobalSection
	GlobalSection(ProjectConfigurationPlatforms) = postSolution
		{79358B90-A95B-4621-804B-B74EEBE8F193}.Debug|Any CPU.ActiveCfg = Debug|Any CPU
		{79358B90-A95B-4621-804B-B74EEBE8F193}.Debug|Any CPU.Build.0 = Debug|Any CPU
		{79358B90-A95B-4621-804B-B74EEBE8F193}.Debug|x64.ActiveCfg = Debug|Any CPU
		{79358B90-A95B-4621-804B-B74EEBE8F193}.Debug|x64.Build.0 = Debug|Any CPU
		{79358B90-A95B-4621-804B-B74EEBE8F193}.Debug|x86.ActiveCfg = Debug|Any CPU
		{79358B90-A95B-4621-804B-B74EEBE8F193}.Debug|x86.Build.0 = Debug|Any CPU
		{79358B90-A95B-4621-804B-B74EEBE8F193}.Release|Any CPU.ActiveCfg = Release|Any CPU
		{79358B90-A95B-4621-804B-B74EEBE8F193}.Release|Any CPU.Build.0 = Release|Any CPU
		{79358B90-A95B-4621-804B-B74EEBE8F193}.Release|x64.ActiveCfg = Release|Any CPU
		{79358B90-A95B-4621-804B-B74EEBE8F193}.Release|x64.Build.0 = Release|Any CPU
		{79358B90-A95B-4621-804B-B74EEBE8F193}.Release|x86.ActiveCfg = Release|Any CPU
		{79358B90-A95B-4621-804B-B74EEBE8F193}.Release|x86.Build.0 = Release|Any CPU
		{8EDED234-256D-44F7-8A36-F9B5CCBB619D}.Debug|Any CPU.ActiveCfg = Debug|Any CPU
		{8EDED234-256D-44F7-8A36-F9B5CCBB619D}.Debug|Any CPU.Build.0 = Debug|Any CPU
		{8EDED234-256D-44F7-8A36-F9B5CCBB619D}.Debug|x64.ActiveCfg = Debug|Any CPU
		{8EDED234-256D-44F7-8A36-F9B5CCBB619D}.Debug|x64.Build.0 = Debug|Any CPU
		{8EDED234-256D-44F7-8A36-F9B5CCBB619D}.Debug|x86.ActiveCfg = Debug|Any CPU
		{8EDED234-256D-44F7-8A36-F9B5CCBB619D}.Debug|x86.Build.0 = Debug|Any CPU
		{8EDED234-256D-44F7-8A36-F9B5CCBB619D}.Release|Any CPU.ActiveCfg = Release|Any CPU
		{8EDED234-256D-44F7-8A36-F9B5CCBB619D}.Release|Any CPU.Build.0 = Release|Any CPU
		{8EDED234-256D-44F7-8A36-F9B5CCBB619D}.Release|x64.ActiveCfg = Release|Any CPU
		{8EDED234-256D-44F7-8A36-F9B5CCBB619D}.Release|x64.Build.0 = Release|Any CPU
		{8EDED234-256D-44F7-8A36-F9B5CCBB619D}.Release|x86.ActiveCfg = Release|Any CPU
		{8EDED234-256D-44F7-8A36-F9B5CCBB619D}.Release|x86.Build.0 = Release|Any CPU
		{CC888860-E7D4-4454-9E7C-84383ED5D0A1}.Debug|Any CPU.ActiveCfg = Debug|Any CPU
		{CC888860-E7D4-4454-9E7C-84383ED5D0A1}.Debug|Any CPU.Build.0 = Debug|Any CPU
		{CC888860-E7D4-4454-9E7C-84383ED5D0A1}.Debug|x64.ActiveCfg = Debug|Any CPU
		{CC888860-E7D4-4454-9E7C-84383ED5D0A1}.Debug|x64.Build.0 = Debug|Any CPU
		{CC888860-E7D4-4454-9E7C-84383ED5D0A1}.Debug|x86.ActiveCfg = Debug|Any CPU
		{CC888860-E7D4-4454-9E7C-84383ED5D0A1}.Debug|x86.Build.0 = Debug|Any CPU
		{CC888860-E7D4-4454-9E7C-84383ED5D0A1}.Release|Any CPU.ActiveCfg = Release|Any CPU
		{CC888860-E7D4-4454-9E7C-84383ED5D0A1}.Release|Any CPU.Build.0 = Release|Any CPU
		{CC888860-E7D4-4454-9E7C-84383ED5D0A1}.Release|x64.ActiveCfg = Release|Any CPU
		{CC888860-E7D4-4454-9E7C-84383ED5D0A1}.Release|x64.Build.0 = Release|Any CPU
		{CC888860-E7D4-4454-9E7C-84383ED5D0A1}.Release|x86.ActiveCfg = Release|Any CPU
		{CC888860-E7D4-4454-9E7C-84383ED5D0A1}.Release|x86.Build.0 = Release|Any CPU
		{F81A4307-D191-47DD-AC32-5EA396990D00}.Debug|Any CPU.ActiveCfg = Debug|Any CPU
		{F81A4307-D191-47DD-AC32-5EA396990D00}.Debug|Any CPU.Build.0 = Debug|Any CPU
		{F81A4307-D191-47DD-AC32-5EA396990D00}.Debug|x64.ActiveCfg = Debug|Any CPU
		{F81A4307-D191-47DD-AC32-5EA396990D00}.Debug|x64.Build.0 = Debug|Any CPU
		{F81A4307-D191-47DD-AC32-5EA396990D00}.Debug|x86.ActiveCfg = Debug|Any CPU
		{F81A4307-D191-47DD-AC32-5EA396990D00}.Debug|x86.Build.0 = Debug|Any CPU
		{F81A4307-D191-47DD-AC32-5EA396990D00}.Release|Any CPU.ActiveCfg = Release|Any CPU
		{F81A4307-D191-47DD-AC32-5EA396990D00}.Release|Any CPU.Build.0 = Release|Any CPU
		{F81A4307-D191-47DD-AC32-5EA396990D00}.Release|x64.ActiveCfg = Release|Any CPU
		{F81A4307-D191-47DD-AC32-5EA396990D00}.Release|x64.Build.0 = Release|Any CPU
		{F81A4307-D191-47DD-AC32-5EA396990D00}.Release|x86.ActiveCfg = Release|Any CPU
		{F81A4307-D191-47DD-AC32-5EA396990D00}.Release|x86.Build.0 = Release|Any CPU
	EndGlobalSection
EndGlobal
